
Microsoft Visual Studio Solution File, Format Version 12.00
# Visual Studio Version 17
VisualStudioVersion = 17.10.35013.160
MinimumVisualStudioVersion = 10.0.40219.1
Project("{FAE04EC0-301F-11D3-BF4B-00C04F79EFBC}") = "API", "API\API.csproj", "{657EE449-55BF-4E3C-9AAD-02B4861F16A5}"
EndProject
Project("{FAE04EC0-301F-11D3-BF4B-00C04F79EFBC}") = "Application", "Application\Application.csproj", "{E69C1831-A84F-4884-9B93-DFB437013EEB}"
EndProject
Project("{FAE04EC0-301F-11D3-BF4B-00C04F79EFBC}") = "Domain", "Domain\Domain.csproj", "{9B6B679D-CE0C-452E-978D-49C0EE4C160C}"
EndProject
Project("{FAE04EC0-301F-11D3-BF4B-00C04F79EFBC}") = "Infra", "Infra\Infra.csproj", "{7E2A66B2-F02A-46B2-B44C-BDD5FB54D376}"
EndProject
Project("{FAE04EC0-301F-11D3-BF4B-00C04F79EFBC}") = "Services", "Services\Services.csproj", "{CCF15665-CA01-48CC-B744-F01D6167F6DE}"
EndProject
Global
	GlobalSection(SolutionConfigurationPlatforms) = preSolution
		Debug|Any CPU = Debug|Any CPU
		Release|Any CPU = Release|Any CPU
	EndGlobalSection
	GlobalSection(ProjectConfigurationPlatforms) = postSolution
		{657EE449-55BF-4E3C-9AAD-02B4861F16A5}.Debug|Any CPU.ActiveCfg = Debug|Any CPU
		{657EE449-55BF-4E3C-9AAD-02B4861F16A5}.Debug|Any CPU.Build.0 = Debug|Any CPU
		{657EE449-55BF-4E3C-9AAD-02B4861F16A5}.Release|Any CPU.ActiveCfg = Release|Any CPU
		{657EE449-55BF-4E3C-9AAD-02B4861F16A5}.Release|Any CPU.Build.0 = Release|Any CPU
		{E69C1831-A84F-4884-9B93-DFB437013EEB}.Debug|Any CPU.ActiveCfg = Debug|Any CPU
		{E69C1831-A84F-4884-9B93-DFB437013EEB}.Debug|Any CPU.Build.0 = Debug|Any CPU
		{E69C1831-A84F-4884-9B93-DFB437013EEB}.Release|Any CPU.ActiveCfg = Release|Any CPU
		{E69C1831-A84F-4884-9B93-DFB437013EEB}.Release|Any CPU.Build.0 = Release|Any CPU
		{9B6B679D-CE0C-452E-978D-49C0EE4C160C}.Debug|Any CPU.ActiveCfg = Debug|Any CPU
		{9B6B679D-CE0C-452E-978D-49C0EE4C160C}.Debug|Any CPU.Build.0 = Debug|Any CPU
		{9B6B679D-CE0C-452E-978D-49C0EE4C160C}.Release|Any CPU.ActiveCfg = Release|Any CPU
		{9B6B679D-CE0C-452E-978D-49C0EE4C160C}.Release|Any CPU.Build.0 = Release|Any CPU
		{7E2A66B2-F02A-46B2-B44C-BDD5FB54D376}.Debug|Any CPU.ActiveCfg = Debug|Any CPU
		{7E2A66B2-F02A-46B2-B44C-BDD5FB54D376}.Debug|Any CPU.Build.0 = Debug|Any CPU
		{7E2A66B2-F02A-46B2-B44C-BDD5FB54D376}.Release|Any CPU.ActiveCfg = Release|Any CPU
		{7E2A66B2-F02A-46B2-B44C-BDD5FB54D376}.Release|Any CPU.Build.0 = Release|Any CPU
		{CCF15665-CA01-48CC-B744-F01D6167F6DE}.Debug|Any CPU.ActiveCfg = Debug|Any CPU
		{CCF15665-CA01-48CC-B744-F01D6167F6DE}.Debug|Any CPU.Build.0 = Debug|Any CPU
		{CCF15665-CA01-48CC-B744-F01D6167F6DE}.Release|Any CPU.ActiveCfg = Release|Any CPU
		{CCF15665-CA01-48CC-B744-F01D6167F6DE}.Release|Any CPU.Build.0 = Release|Any CPU
	EndGlobalSection
	GlobalSection(SolutionProperties) = preSolution
		HideSolutionNode = FALSE
	EndGlobalSection
	GlobalSection(ExtensibilityGlobals) = postSolution
		SolutionGuid = {45AF74B2-651C-4707-9812-0786287C0B48}
	EndGlobalSection
EndGlobal
